
Microsoft Visual Studio Solution File, Format Version 12.00
# Visual Studio Version 16
VisualStudioVersion = 16.0.32228.343
MinimumVisualStudioVersion = 10.0.40219.1
Project("{FAE04EC0-301F-11D3-BF4B-00C04F79EFBC}") = "HomeWork_5", "HomeWork_5.csproj", "{244CB76C-6D39-4667-B7CA-C9FC5D194EDE}"
EndProject
Global
	GlobalSection(SolutionConfigurationPlatforms) = preSolution
		Debug|Any CPU = Debug|Any CPU
		Release|Any CPU = Release|Any CPU
	EndGlobalSection
	GlobalSection(ProjectConfigurationPlatforms) = postSolution
		{244CB76C-6D39-4667-B7CA-C9FC5D194EDE}.Debug|Any CPU.ActiveCfg = Debug|Any CPU
		{244CB76C-6D39-4667-B7CA-C9FC5D194EDE}.Debug|Any CPU.Build.0 = Debug|Any CPU
		{244CB76C-6D39-4667-B7CA-C9FC5D194EDE}.Release|Any CPU.ActiveCfg = Release|Any CPU
		{244CB76C-6D39-4667-B7CA-C9FC5D194EDE}.Release|Any CPU.Build.0 = Release|Any CPU
	EndGlobalSection
	GlobalSection(SolutionProperties) = preSolution
		HideSolutionNode = FALSE
	EndGlobalSection
	GlobalSection(ExtensibilityGlobals) = postSolution
		SolutionGuid = {80C15DB4-F0A4-4320-88B5-C97B4BD6ADB3}
	EndGlobalSection
EndGlobal
